
Microsoft Visual Studio Solution File, Format Version 12.00
# Visual Studio Version 16
VisualStudioVersion = 16.0.28407.52
MinimumVisualStudioVersion = 10.0.40219.1
Project("{2150E333-8FDC-42A3-9474-1A3956D46DE8}") = "Demos", "Demos", "{89DB7A9E-EE3F-43DF-802B-150ED992BE1D}"
EndProject
Project("{2150E333-8FDC-42A3-9474-1A3956D46DE8}") = "Solution Items", "Solution Items", "{06C13A0A-DF4F-49D2-924B-A7D6CB0D9DF0}"
	ProjectSection(SolutionItems) = preProject
		README.md = README.md
	EndProjectSection
EndProject
Project("{FAE04EC0-301F-11D3-BF4B-00C04F79EFBC}") = "AIRLab.CA.Nodes.Contracts", "CA.Nodes.Contracts\AIRLab.CA.Nodes.Contracts.csproj", "{781BD5E0-28CC-474E-AB5F-96263032DD34}"
EndProject
Project("{FAE04EC0-301F-11D3-BF4B-00C04F79EFBC}") = "AIRLab.CA.Nodes", "CA.Nodes\AIRLab.CA.Nodes.csproj", "{8A40E8FD-EC3F-4461-A0A1-00EB45160E5D}"
EndProject
Project("{FAE04EC0-301F-11D3-BF4B-00C04F79EFBC}") = "AIRLab.CA.Operators", "CA.Operators\AIRLab.CA.Operators.csproj", "{A0DDB1DF-A2D5-49F3-950B-17A91239A756}"
EndProject
Project("{FAE04EC0-301F-11D3-BF4B-00C04F79EFBC}") = "AIRLab.CA.Axioms.Contracts", "CA.Axioms.Contracts\AIRLab.CA.Axioms.Contracts.csproj", "{9C87CA91-E064-48E0-B27A-16762855BF37}"
EndProject
Project("{FAE04EC0-301F-11D3-BF4B-00C04F79EFBC}") = "AIRLab.CA.Axioms", "CA.Axioms\AIRLab.CA.Axioms.csproj", "{2E1B4D55-A7A6-44CA-8860-4D769AB41236}"
EndProject
Project("{FAE04EC0-301F-11D3-BF4B-00C04F79EFBC}") = "AIRLab.CA.Algebra", "CA.Algebra\AIRLab.CA.Algebra.csproj", "{E32D4DAD-AACB-48E7-8F16-0914F32ADBEB}"
EndProject
Project("{FAE04EC0-301F-11D3-BF4B-00C04F79EFBC}") = "AIRLab.DifferentiateDemo", "AIRLab.DifferentiateDemo\AIRLab.DifferentiateDemo.csproj", "{71CE81BC-3F97-4288-8F76-0A1A5ED6BF93}"
EndProject
Project("{FAE04EC0-301F-11D3-BF4B-00C04F79EFBC}") = "AIRLab.RegressionDemo", "AIRLab.RegressionDemo\AIRLab.RegressionDemo.csproj", "{40ADB4E5-A2D7-4AFE-ACE7-882867D687CE}"
EndProject
Project("{FAE04EC0-301F-11D3-BF4B-00C04F79EFBC}") = "AIRLab.ResolutionDemo", "AIRLab.ResolutionDemo\AIRLab.ResolutionDemo.csproj", "{64DDC597-E958-4935-86C5-C42EB395BD87}"
EndProject
Project("{FAE04EC0-301F-11D3-BF4B-00C04F79EFBC}") = "AIRLab.SimplificationDemo", "AIRLab.SimplificationDemo\AIRLab.SimplificationDemo.csproj", "{2AF87A51-3A1C-488B-97F3-EAD9A5D364D8}"
EndProject
Project("{FAE04EC0-301F-11D3-BF4B-00C04F79EFBC}") = "AIRLab.CA.Tests", "AIRLab.CA.Tests\AIRLab.CA.Tests.csproj", "{8AECDA22-E118-4E26-A0A5-3340AF8385A3}"
EndProject
Project("{FAE04EC0-301F-11D3-BF4B-00C04F79EFBC}") = "AIRLab.CA", "CA\AIRLab.CA.csproj", "{DC7DBD3F-2647-49C6-A560-9D2EDA1E5AFA}"
EndProject
Global
	GlobalSection(SolutionConfigurationPlatforms) = preSolution
		Debug|Any CPU = Debug|Any CPU
		Debug|Mixed Platforms = Debug|Mixed Platforms
		Debug|x86 = Debug|x86
		Release|Any CPU = Release|Any CPU
		Release|Mixed Platforms = Release|Mixed Platforms
		Release|x86 = Release|x86
	EndGlobalSection
	GlobalSection(ProjectConfigurationPlatforms) = postSolution
		{781BD5E0-28CC-474E-AB5F-96263032DD34}.Debug|Any CPU.ActiveCfg = Debug|Any CPU
		{781BD5E0-28CC-474E-AB5F-96263032DD34}.Debug|Any CPU.Build.0 = Debug|Any CPU
		{781BD5E0-28CC-474E-AB5F-96263032DD34}.Debug|Mixed Platforms.ActiveCfg = Debug|Any CPU
		{781BD5E0-28CC-474E-AB5F-96263032DD34}.Debug|Mixed Platforms.Build.0 = Debug|Any CPU
		{781BD5E0-28CC-474E-AB5F-96263032DD34}.Debug|x86.ActiveCfg = Debug|Any CPU
		{781BD5E0-28CC-474E-AB5F-96263032DD34}.Debug|x86.Build.0 = Debug|Any CPU
		{781BD5E0-28CC-474E-AB5F-96263032DD34}.Release|Any CPU.ActiveCfg = Release|Any CPU
		{781BD5E0-28CC-474E-AB5F-96263032DD34}.Release|Any CPU.Build.0 = Release|Any CPU
		{781BD5E0-28CC-474E-AB5F-96263032DD34}.Release|Mixed Platforms.ActiveCfg = Release|Any CPU
		{781BD5E0-28CC-474E-AB5F-96263032DD34}.Release|Mixed Platforms.Build.0 = Release|Any CPU
		{781BD5E0-28CC-474E-AB5F-96263032DD34}.Release|x86.ActiveCfg = Release|Any CPU
		{781BD5E0-28CC-474E-AB5F-96263032DD34}.Release|x86.Build.0 = Release|Any CPU
		{8A40E8FD-EC3F-4461-A0A1-00EB45160E5D}.Debug|Any CPU.ActiveCfg = Debug|Any CPU
		{8A40E8FD-EC3F-4461-A0A1-00EB45160E5D}.Debug|Any CPU.Build.0 = Debug|Any CPU
		{8A40E8FD-EC3F-4461-A0A1-00EB45160E5D}.Debug|Mixed Platforms.ActiveCfg = Debug|Any CPU
		{8A40E8FD-EC3F-4461-A0A1-00EB45160E5D}.Debug|Mixed Platforms.Build.0 = Debug|Any CPU
		{8A40E8FD-EC3F-4461-A0A1-00EB45160E5D}.Debug|x86.ActiveCfg = Debug|Any CPU
		{8A40E8FD-EC3F-4461-A0A1-00EB45160E5D}.Debug|x86.Build.0 = Debug|Any CPU
		{8A40E8FD-EC3F-4461-A0A1-00EB45160E5D}.Release|Any CPU.ActiveCfg = Release|Any CPU
		{8A40E8FD-EC3F-4461-A0A1-00EB45160E5D}.Release|Any CPU.Build.0 = Release|Any CPU
		{8A40E8FD-EC3F-4461-A0A1-00EB45160E5D}.Release|Mixed Platforms.ActiveCfg = Release|Any CPU
		{8A40E8FD-EC3F-4461-A0A1-00EB45160E5D}.Release|Mixed Platforms.Build.0 = Release|Any CPU
		{8A40E8FD-EC3F-4461-A0A1-00EB45160E5D}.Release|x86.ActiveCfg = Release|Any CPU
		{8A40E8FD-EC3F-4461-A0A1-00EB45160E5D}.Release|x86.Build.0 = Release|Any CPU
		{A0DDB1DF-A2D5-49F3-950B-17A91239A756}.Debug|Any CPU.ActiveCfg = Debug|Any CPU
		{A0DDB1DF-A2D5-49F3-950B-17A91239A756}.Debug|Any CPU.Build.0 = Debug|Any CPU
		{A0DDB1DF-A2D5-49F3-950B-17A91239A756}.Debug|Mixed Platforms.ActiveCfg = Debug|Any CPU
		{A0DDB1DF-A2D5-49F3-950B-17A91239A756}.Debug|Mixed Platforms.Build.0 = Debug|Any CPU
		{A0DDB1DF-A2D5-49F3-950B-17A91239A756}.Debug|x86.ActiveCfg = Debug|Any CPU
		{A0DDB1DF-A2D5-49F3-950B-17A91239A756}.Debug|x86.Build.0 = Debug|Any CPU
		{A0DDB1DF-A2D5-49F3-950B-17A91239A756}.Release|Any CPU.ActiveCfg = Release|Any CPU
		{A0DDB1DF-A2D5-49F3-950B-17A91239A756}.Release|Any CPU.Build.0 = Release|Any CPU
		{A0DDB1DF-A2D5-49F3-950B-17A91239A756}.Release|Mixed Platforms.ActiveCfg = Release|Any CPU
		{A0DDB1DF-A2D5-49F3-950B-17A91239A756}.Release|Mixed Platforms.Build.0 = Release|Any CPU
		{A0DDB1DF-A2D5-49F3-950B-17A91239A756}.Release|x86.ActiveCfg = Release|Any CPU
		{A0DDB1DF-A2D5-49F3-950B-17A91239A756}.Release|x86.Build.0 = Release|Any CPU
		{9C87CA91-E064-48E0-B27A-16762855BF37}.Debug|Any CPU.ActiveCfg = Debug|Any CPU
		{9C87CA91-E064-48E0-B27A-16762855BF37}.Debug|Any CPU.Build.0 = Debug|Any CPU
		{9C87CA91-E064-48E0-B27A-16762855BF37}.Debug|Mixed Platforms.ActiveCfg = Debug|Any CPU
		{9C87CA91-E064-48E0-B27A-16762855BF37}.Debug|Mixed Platforms.Build.0 = Debug|Any CPU
		{9C87CA91-E064-48E0-B27A-16762855BF37}.Debug|x86.ActiveCfg = Debug|Any CPU
		{9C87CA91-E064-48E0-B27A-16762855BF37}.Debug|x86.Build.0 = Debug|Any CPU
		{9C87CA91-E064-48E0-B27A-16762855BF37}.Release|Any CPU.ActiveCfg = Release|Any CPU
		{9C87CA91-E064-48E0-B27A-16762855BF37}.Release|Any CPU.Build.0 = Release|Any CPU
		{9C87CA91-E064-48E0-B27A-16762855BF37}.Release|Mixed Platforms.ActiveCfg = Release|Any CPU
		{9C87CA91-E064-48E0-B27A-16762855BF37}.Release|Mixed Platforms.Build.0 = Release|Any CPU
		{9C87CA91-E064-48E0-B27A-16762855BF37}.Release|x86.ActiveCfg = Release|Any CPU
		{9C87CA91-E064-48E0-B27A-16762855BF37}.Release|x86.Build.0 = Release|Any CPU
		{2E1B4D55-A7A6-44CA-8860-4D769AB41236}.Debug|Any CPU.ActiveCfg = Debug|Any CPU
		{2E1B4D55-A7A6-44CA-8860-4D769AB41236}.Debug|Any CPU.Build.0 = Debug|Any CPU
		{2E1B4D55-A7A6-44CA-8860-4D769AB41236}.Debug|Mixed Platforms.ActiveCfg = Debug|Any CPU
		{2E1B4D55-A7A6-44CA-8860-4D769AB41236}.Debug|Mixed Platforms.Build.0 = Debug|Any CPU
		{2E1B4D55-A7A6-44CA-8860-4D769AB41236}.Debug|x86.ActiveCfg = Debug|Any CPU
		{2E1B4D55-A7A6-44CA-8860-4D769AB41236}.Debug|x86.Build.0 = Debug|Any CPU
		{2E1B4D55-A7A6-44CA-8860-4D769AB41236}.Release|Any CPU.ActiveCfg = Release|Any CPU
		{2E1B4D55-A7A6-44CA-8860-4D769AB41236}.Release|Any CPU.Build.0 = Release|Any CPU
		{2E1B4D55-A7A6-44CA-8860-4D769AB41236}.Release|Mixed Platforms.ActiveCfg = Release|Any CPU
		{2E1B4D55-A7A6-44CA-8860-4D769AB41236}.Release|Mixed Platforms.Build.0 = Release|Any CPU
		{2E1B4D55-A7A6-44CA-8860-4D769AB41236}.Release|x86.ActiveCfg = Release|Any CPU
		{2E1B4D55-A7A6-44CA-8860-4D769AB41236}.Release|x86.Build.0 = Release|Any CPU
		{E32D4DAD-AACB-48E7-8F16-0914F32ADBEB}.Debug|Any CPU.ActiveCfg = Debug|Any CPU
		{E32D4DAD-AACB-48E7-8F16-0914F32ADBEB}.Debug|Any CPU.Build.0 = Debug|Any CPU
		{E32D4DAD-AACB-48E7-8F16-0914F32ADBEB}.Debug|Mixed Platforms.ActiveCfg = Debug|Any CPU
		{E32D4DAD-AACB-48E7-8F16-0914F32ADBEB}.Debug|Mixed Platforms.Build.0 = Debug|Any CPU
		{E32D4DAD-AACB-48E7-8F16-0914F32ADBEB}.Debug|x86.ActiveCfg = Debug|Any CPU
		{E32D4DAD-AACB-48E7-8F16-0914F32ADBEB}.Debug|x86.Build.0 = Debug|Any CPU
		{E32D4DAD-AACB-48E7-8F16-0914F32ADBEB}.Release|Any CPU.ActiveCfg = Release|Any CPU
		{E32D4DAD-AACB-48E7-8F16-0914F32ADBEB}.Release|Any CPU.Build.0 = Release|Any CPU
		{E32D4DAD-AACB-48E7-8F16-0914F32ADBEB}.Release|Mixed Platforms.ActiveCfg = Release|Any CPU
		{E32D4DAD-AACB-48E7-8F16-0914F32ADBEB}.Release|Mixed Platforms.Build.0 = Release|Any CPU
		{E32D4DAD-AACB-48E7-8F16-0914F32ADBEB}.Release|x86.ActiveCfg = Release|Any CPU
		{E32D4DAD-AACB-48E7-8F16-0914F32ADBEB}.Release|x86.Build.0 = Release|Any CPU
		{71CE81BC-3F97-4288-8F76-0A1A5ED6BF93}.Debug|Any CPU.ActiveCfg = Debug|Any CPU
		{71CE81BC-3F97-4288-8F76-0A1A5ED6BF93}.Debug|Any CPU.Build.0 = Debug|Any CPU
		{71CE81BC-3F97-4288-8F76-0A1A5ED6BF93}.Debug|Mixed Platforms.ActiveCfg = Debug|Any CPU
		{71CE81BC-3F97-4288-8F76-0A1A5ED6BF93}.Debug|Mixed Platforms.Build.0 = Debug|Any CPU
		{71CE81BC-3F97-4288-8F76-0A1A5ED6BF93}.Debug|x86.ActiveCfg = Debug|Any CPU
		{71CE81BC-3F97-4288-8F76-0A1A5ED6BF93}.Debug|x86.Build.0 = Debug|Any CPU
		{71CE81BC-3F97-4288-8F76-0A1A5ED6BF93}.Release|Any CPU.ActiveCfg = Release|Any CPU
		{71CE81BC-3F97-4288-8F76-0A1A5ED6BF93}.Release|Any CPU.Build.0 = Release|Any CPU
		{71CE81BC-3F97-4288-8F76-0A1A5ED6BF93}.Release|Mixed Platforms.ActiveCfg = Release|Any CPU
		{71CE81BC-3F97-4288-8F76-0A1A5ED6BF93}.Release|Mixed Platforms.Build.0 = Release|Any CPU
		{71CE81BC-3F97-4288-8F76-0A1A5ED6BF93}.Release|x86.ActiveCfg = Release|Any CPU
		{71CE81BC-3F97-4288-8F76-0A1A5ED6BF93}.Release|x86.Build.0 = Release|Any CPU
		{40ADB4E5-A2D7-4AFE-ACE7-882867D687CE}.Debug|Any CPU.ActiveCfg = Debug|Any CPU
		{40ADB4E5-A2D7-4AFE-ACE7-882867D687CE}.Debug|Any CPU.Build.0 = Debug|Any CPU
		{40ADB4E5-A2D7-4AFE-ACE7-882867D687CE}.Debug|Mixed Platforms.ActiveCfg = Debug|Any CPU
		{40ADB4E5-A2D7-4AFE-ACE7-882867D687CE}.Debug|Mixed Platforms.Build.0 = Debug|Any CPU
		{40ADB4E5-A2D7-4AFE-ACE7-882867D687CE}.Debug|x86.ActiveCfg = Debug|Any CPU
		{40ADB4E5-A2D7-4AFE-ACE7-882867D687CE}.Debug|x86.Build.0 = Debug|Any CPU
		{40ADB4E5-A2D7-4AFE-ACE7-882867D687CE}.Release|Any CPU.ActiveCfg = Release|Any CPU
		{40ADB4E5-A2D7-4AFE-ACE7-882867D687CE}.Release|Any CPU.Build.0 = Release|Any CPU
		{40ADB4E5-A2D7-4AFE-ACE7-882867D687CE}.Release|Mixed Platforms.ActiveCfg = Release|Any CPU
		{40ADB4E5-A2D7-4AFE-ACE7-882867D687CE}.Release|Mixed Platforms.Build.0 = Release|Any CPU
		{40ADB4E5-A2D7-4AFE-ACE7-882867D687CE}.Release|x86.ActiveCfg = Release|Any CPU
		{40ADB4E5-A2D7-4AFE-ACE7-882867D687CE}.Release|x86.Build.0 = Release|Any CPU
		{64DDC597-E958-4935-86C5-C42EB395BD87}.Debug|Any CPU.ActiveCfg = Debug|Any CPU
		{64DDC597-E958-4935-86C5-C42EB395BD87}.Debug|Any CPU.Build.0 = Debug|Any CPU
		{64DDC597-E958-4935-86C5-C42EB395BD87}.Debug|Mixed Platforms.ActiveCfg = Debug|Any CPU
		{64DDC597-E958-4935-86C5-C42EB395BD87}.Debug|Mixed Platforms.Build.0 = Debug|Any CPU
		{64DDC597-E958-4935-86C5-C42EB395BD87}.Debug|x86.ActiveCfg = Debug|Any CPU
		{64DDC597-E958-4935-86C5-C42EB395BD87}.Debug|x86.Build.0 = Debug|Any CPU
		{64DDC597-E958-4935-86C5-C42EB395BD87}.Release|Any CPU.ActiveCfg = Release|Any CPU
		{64DDC597-E958-4935-86C5-C42EB395BD87}.Release|Any CPU.Build.0 = Release|Any CPU
		{64DDC597-E958-4935-86C5-C42EB395BD87}.Release|Mixed Platforms.ActiveCfg = Release|Any CPU
		{64DDC597-E958-4935-86C5-C42EB395BD87}.Release|Mixed Platforms.Build.0 = Release|Any CPU
		{64DDC597-E958-4935-86C5-C42EB395BD87}.Release|x86.ActiveCfg = Release|Any CPU
		{64DDC597-E958-4935-86C5-C42EB395BD87}.Release|x86.Build.0 = Release|Any CPU
		{2AF87A51-3A1C-488B-97F3-EAD9A5D364D8}.Debug|Any CPU.ActiveCfg = Debug|Any CPU
		{2AF87A51-3A1C-488B-97F3-EAD9A5D364D8}.Debug|Any CPU.Build.0 = Debug|Any CPU
		{2AF87A51-3A1C-488B-97F3-EAD9A5D364D8}.Debug|Mixed Platforms.ActiveCfg = Debug|Any CPU
		{2AF87A51-3A1C-488B-97F3-EAD9A5D364D8}.Debug|Mixed Platforms.Build.0 = Debug|Any CPU
		{2AF87A51-3A1C-488B-97F3-EAD9A5D364D8}.Debug|x86.ActiveCfg = Debug|Any CPU
		{2AF87A51-3A1C-488B-97F3-EAD9A5D364D8}.Debug|x86.Build.0 = Debug|Any CPU
		{2AF87A51-3A1C-488B-97F3-EAD9A5D364D8}.Release|Any CPU.ActiveCfg = Release|Any CPU
		{2AF87A51-3A1C-488B-97F3-EAD9A5D364D8}.Release|Any CPU.Build.0 = Release|Any CPU
		{2AF87A51-3A1C-488B-97F3-EAD9A5D364D8}.Release|Mixed Platforms.ActiveCfg = Release|Any CPU
		{2AF87A51-3A1C-488B-97F3-EAD9A5D364D8}.Release|Mixed Platforms.Build.0 = Release|Any CPU
		{2AF87A51-3A1C-488B-97F3-EAD9A5D364D8}.Release|x86.ActiveCfg = Release|Any CPU
		{2AF87A51-3A1C-488B-97F3-EAD9A5D364D8}.Release|x86.Build.0 = Release|Any CPU
		{8AECDA22-E118-4E26-A0A5-3340AF8385A3}.Debug|Any CPU.ActiveCfg = Debug|Any CPU
		{8AECDA22-E118-4E26-A0A5-3340AF8385A3}.Debug|Any CPU.Build.0 = Debug|Any CPU
		{8AECDA22-E118-4E26-A0A5-3340AF8385A3}.Debug|Mixed Platforms.ActiveCfg = Debug|Any CPU
		{8AECDA22-E118-4E26-A0A5-3340AF8385A3}.Debug|Mixed Platforms.Build.0 = Debug|Any CPU
		{8AECDA22-E118-4E26-A0A5-3340AF8385A3}.Debug|x86.ActiveCfg = Debug|Any CPU
		{8AECDA22-E118-4E26-A0A5-3340AF8385A3}.Debug|x86.Build.0 = Debug|Any CPU
		{8AECDA22-E118-4E26-A0A5-3340AF8385A3}.Release|Any CPU.ActiveCfg = Release|Any CPU
		{8AECDA22-E118-4E26-A0A5-3340AF8385A3}.Release|Any CPU.Build.0 = Release|Any CPU
		{8AECDA22-E118-4E26-A0A5-3340AF8385A3}.Release|Mixed Platforms.ActiveCfg = Release|Any CPU
		{8AECDA22-E118-4E26-A0A5-3340AF8385A3}.Release|Mixed Platforms.Build.0 = Release|Any CPU
		{8AECDA22-E118-4E26-A0A5-3340AF8385A3}.Release|x86.ActiveCfg = Release|Any CPU
		{8AECDA22-E118-4E26-A0A5-3340AF8385A3}.Release|x86.Build.0 = Release|Any CPU
		{DC7DBD3F-2647-49C6-A560-9D2EDA1E5AFA}.Debug|Any CPU.ActiveCfg = Debug|Any CPU
		{DC7DBD3F-2647-49C6-A560-9D2EDA1E5AFA}.Debug|Any CPU.Build.0 = Debug|Any CPU
		{DC7DBD3F-2647-49C6-A560-9D2EDA1E5AFA}.Debug|Mixed Platforms.ActiveCfg = Debug|Any CPU
		{DC7DBD3F-2647-49C6-A560-9D2EDA1E5AFA}.Debug|Mixed Platforms.Build.0 = Debug|Any CPU
		{DC7DBD3F-2647-49C6-A560-9D2EDA1E5AFA}.Debug|x86.ActiveCfg = Debug|Any CPU
		{DC7DBD3F-2647-49C6-A560-9D2EDA1E5AFA}.Debug|x86.Build.0 = Debug|Any CPU
		{DC7DBD3F-2647-49C6-A560-9D2EDA1E5AFA}.Release|Any CPU.ActiveCfg = Release|Any CPU
		{DC7DBD3F-2647-49C6-A560-9D2EDA1E5AFA}.Release|Any CPU.Build.0 = Release|Any CPU
		{DC7DBD3F-2647-49C6-A560-9D2EDA1E5AFA}.Release|Mixed Platforms.ActiveCfg = Release|Any CPU
		{DC7DBD3F-2647-49C6-A560-9D2EDA1E5AFA}.Release|Mixed Platforms.Build.0 = Release|Any CPU
		{DC7DBD3F-2647-49C6-A560-9D2EDA1E5AFA}.Release|x86.ActiveCfg = Release|Any CPU
		{DC7DBD3F-2647-49C6-A560-9D2EDA1E5AFA}.Release|x86.Build.0 = Release|Any CPU
	EndGlobalSection
	GlobalSection(SolutionProperties) = preSolution
		HideSolutionNode = FALSE
	EndGlobalSection
	GlobalSection(NestedProjects) = preSolution
		{71CE81BC-3F97-4288-8F76-0A1A5ED6BF93} = {89DB7A9E-EE3F-43DF-802B-150ED992BE1D}
		{40ADB4E5-A2D7-4AFE-ACE7-882867D687CE} = {89DB7A9E-EE3F-43DF-802B-150ED992BE1D}
		{64DDC597-E958-4935-86C5-C42EB395BD87} = {89DB7A9E-EE3F-43DF-802B-150ED992BE1D}
		{2AF87A51-3A1C-488B-97F3-EAD9A5D364D8} = {89DB7A9E-EE3F-43DF-802B-150ED992BE1D}
	EndGlobalSection
	GlobalSection(ExtensibilityGlobals) = postSolution
		SolutionGuid = {F9405B13-E4D8-4F31-BC5E-4AFA265AF820}
	EndGlobalSection
	GlobalSection(TestCaseManagementSettings) = postSolution
		CategoryFile = ComputerAlgebra.vsmdi
	EndGlobalSection
EndGlobal
